{
  "name": "S11P31C207",
  "lockfileVersion": 3,
  "requires": true,
  "packages": {
    "": {
      "dependencies": {
        "rn-range-slider": "^2.2.2"
      }
    },
    "node_modules/rn-range-slider": {
      "version": "2.2.2",
      "resolved": "https://registry.npmjs.org/rn-range-slider/-/rn-range-slider-2.2.2.tgz",
      "integrity": "sha512-34qdWz0oPEa6Wa9+B0+IihxolfydGPfzKvIyjieCyz4+YzVuSizalwpwRufxAnojfFPxqX1Kt/CTBckt8K7eEQ=="
    }
  }
}
